// !$*UTF8*$!
{
	archiveVersion = 1;
	classes = {
	};
	objectVersion = 50;
	objects = {

/* Begin PBXBuildFile section */
		93628D2320B1FD5500E0AD0D /* AppDelegate.swift in Sources */ = {isa = PBXBuildFile; fileRef = 93628D2220B1FD5500E0AD0D /* AppDelegate.swift */; };
		93628D2520B1FD5500E0AD0D /* ViewController.swift in Sources */ = {isa = PBXBuildFile; fileRef = 93628D2420B1FD5500E0AD0D /* ViewController.swift */; };
		93628D2820B1FD5500E0AD0D /* Main.storyboard in Resources */ = {isa = PBXBuildFile; fileRef = 93628D2620B1FD5500E0AD0D /* Main.storyboard */; };
		93628D2A20B1FD5800E0AD0D /* Assets.xcassets in Resources */ = {isa = PBXBuildFile; fileRef = 93628D2920B1FD5800E0AD0D /* Assets.xcassets */; };
		93628D2D20B1FD5800E0AD0D /* LaunchScreen.storyboard in Resources */ = {isa = PBXBuildFile; fileRef = 93628D2B20B1FD5800E0AD0D /* LaunchScreen.storyboard */; };
		93628D3820B1FD5800E0AD0D /* WorldTrotterTests.swift in Sources */ = {isa = PBXBuildFile; fileRef = 93628D3720B1FD5800E0AD0D /* WorldTrotterTests.swift */; };
		93628D4320B1FD5800E0AD0D /* WorldTrotterUITests.swift in Sources */ = {isa = PBXBuildFile; fileRef = 93628D4220B1FD5800E0AD0D /* WorldTrotterUITests.swift */; };
/* End PBXBuildFile section */

/* Begin PBXContainerItemProxy section */
		93628D3420B1FD5800E0AD0D /* PBXContainerItemProxy */ = {
			isa = PBXContainerItemProxy;
			containerPortal = 93628D1720B1FD5500E0AD0D /* Project object */;
			proxyType = 1;
			remoteGlobalIDString = 93628D1E20B1FD5500E0AD0D;
			remoteInfo = WorldTrotter;
		};
		93628D3F20B1FD5800E0AD0D /* PBXContainerItemProxy */ = {
			isa = PBXContainerItemProxy;
			containerPortal = 93628D1720B1FD5500E0AD0D /* Project object */;
			proxyType = 1;
			remoteGlobalIDString = 93628D1E20B1FD5500E0AD0D;
			remoteInfo = WorldTrotter;
		};
/* End PBXContainerItemProxy section */

/* Begin PBXFileReference section */
		93628D1F20B1FD5500E0AD0D /* WorldTrotter.app */ = {isa = PBXFileReference; explicitFileType = wrapper.application; includeInIndex = 0; path = WorldTrotter.app; sourceTree = BUILT_PRODUCTS_DIR; };
		93628D2220B1FD5500E0AD0D /* AppDelegate.swift */ = {isa = PBXFileReference; lastKnownFileType = sourcecode.swift; path = AppDelegate.swift; sourceTree = "<group>"; };
		93628D2420B1FD5500E0AD0D /* ViewController.swift */ = {isa = PBXFileReference; lastKnownFileType = sourcecode.swift; path = ViewController.swift; sourceTree = "<group>"; };
		93628D2720B1FD5500E0AD0D /* Base */ = {isa = PBXFileReference; lastKnownFileType = file.storyboard; name = Base; path = Base.lproj/Main.storyboard; sourceTree = "<group>"; };
		93628D2920B1FD5800E0AD0D /* Assets.xcassets */ = {isa = PBXFileReference; lastKnownFileType = folder.assetcatalog; path = Assets.xcassets; sourceTree = "<group>"; };
		93628D2C20B1FD5800E0AD0D /* Base */ = {isa = PBXFileReference; lastKnownFileType = file.storyboard; name = Base; path = Base.lproj/LaunchScreen.storyboard; sourceTree = "<group>"; };
		93628D2E20B1FD5800E0AD0D /* Info.plist */ = {isa = PBXFileReference; lastKnownFileType = text.plist.xml; path = Info.plist; sourceTree = "<group>"; };
		93628D3320B1FD5800E0AD0D /* WorldTrotterTests.xctest */ = {isa = PBXFileReference; explicitFileType = wrapper.cfbundle; includeInIndex = 0; path = WorldTrotterTests.xctest; sourceTree = BUILT_PRODUCTS_DIR; };
		93628D3720B1FD5800E0AD0D /* WorldTrotterTests.swift */ = {isa = PBXFileReference; lastKnownFileType = sourcecode.swift; path = WorldTrotterTests.swift; sourceTree = "<group>"; };
		93628D3920B1FD5800E0AD0D /* Info.plist */ = {isa = PBXFileReference; lastKnownFileType = text.plist.xml; path = Info.plist; sourceTree = "<group>"; };
		93628D3E20B1FD5800E0AD0D /* WorldTrotterUITests.xctest */ = {isa = PBXFileReference; explicitFileType = wrapper.cfbundle; includeInIndex = 0; path = WorldTrotterUITests.xctest; sourceTree = BUILT_PRODUCTS_DIR; };
		93628D4220B1FD5800E0AD0D /* WorldTrotterUITests.swift */ = {isa = PBXFileReference; lastKnownFileType = sourcecode.swift; path = WorldTrotterUITests.swift; sourceTree = "<group>"; };
		93628D4420B1FD5800E0AD0D /* Info.plist */ = {isa = PBXFileReference; lastKnownFileType = text.plist.xml; path = Info.plist; sourceTree = "<group>"; };
/* End PBXFileReference section */

/* Begin PBXFrameworksBuildPhase section */
		93628D1C20B1FD5500E0AD0D /* Frameworks */ = {
			isa = PBXFrameworksBuildPhase;
			buildActionMask = 2147483647;
			files = (
			);
			runOnlyForDeploymentPostprocessing = 0;
		};
		93628D3020B1FD5800E0AD0D /* Frameworks */ = {
			isa = PBXFrameworksBuildPhase;
			buildActionMask = 2147483647;
			files = (
			);
			runOnlyForDeploymentPostprocessing = 0;
		};
		93628D3B20B1FD5800E0AD0D /* Frameworks */ = {
			isa = PBXFrameworksBuildPhase;
			buildActionMask = 2147483647;
			files = (
			);
			runOnlyForDeploymentPostprocessing = 0;
		};
/* End PBXFrameworksBuildPhase section */

/* Begin PBXGroup section */
		93628D1620B1FD5500E0AD0D = {
			isa = PBXGroup;
			children = (
				93628D2120B1FD5500E0AD0D /* WorldTrotter */,
				93628D3620B1FD5800E0AD0D /* WorldTrotterTests */,
				93628D4120B1FD5800E0AD0D /* WorldTrotterUITests */,
				93628D2020B1FD5500E0AD0D /* Products */,
			);
			sourceTree = "<group>";
		};
		93628D2020B1FD5500E0AD0D /* Products */ = {
			isa = PBXGroup;
			children = (
				93628D1F20B1FD5500E0AD0D /* WorldTrotter.app */,
				93628D3320B1FD5800E0AD0D /* WorldTrotterTests.xctest */,
				93628D3E20B1FD5800E0AD0D /* WorldTrotterUITests.xctest */,
			);
			name = Products;
			sourceTree = "<group>";
		};
		93628D2120B1FD5500E0AD0D /* WorldTrotter */ = {
			isa = PBXGroup;
			children = (
				93628D2220B1FD5500E0AD0D /* AppDelegate.swift */,
				93628D2420B1FD5500E0AD0D /* ViewController.swift */,
				93628D2620B1FD5500E0AD0D /* Main.storyboard */,
				93628D2920B1FD5800E0AD0D /* Assets.xcassets */,
				93628D2B20B1FD5800E0AD0D /* LaunchScreen.storyboard */,
				93628D2E20B1FD5800E0AD0D /* Info.plist */,
			);
			path = WorldTrotter;
			sourceTree = "<group>";
		};
		93628D3620B1FD5800E0AD0D /* WorldTrotterTests */ = {
			isa = PBXGroup;
			children = (
				93628D3720B1FD5800E0AD0D /* WorldTrotterTests.swift */,
				93628D3920B1FD5800E0AD0D /* Info.plist */,
			);
			path = WorldTrotterTests;
			sourceTree = "<group>";
		};
		93628D4120B1FD5800E0AD0D /* WorldTrotterUITests */ = {
			isa = PBXGroup;
			children = (
				93628D4220B1FD5800E0AD0D /* WorldTrotterUITests.swift */,
				93628D4420B1FD5800E0AD0D /* Info.plist */,
			);
			path = WorldTrotterUITests;
			sourceTree = "<group>";
		};
/* End PBXGroup section */

/* Begin PBXNativeTarget section */
		93628D1E20B1FD5500E0AD0D /* WorldTrotter */ = {
			isa = PBXNativeTarget;
			buildConfigurationList = 93628D4720B1FD5800E0AD0D /* Build configuration list for PBXNativeTarget "WorldTrotter" */;
			buildPhases = (
				93628D1B20B1FD5500E0AD0D /* Sources */,
				93628D1C20B1FD5500E0AD0D /* Frameworks */,
				93628D1D20B1FD5500E0AD0D /* Resources */,
			);
			buildRules = (
			);
			dependencies = (
			);
			name = WorldTrotter;
			productName = WorldTrotter;
			productReference = 93628D1F20B1FD5500E0AD0D /* WorldTrotter.app */;
			productType = "com.apple.product-type.application";
		};
		93628D3220B1FD5800E0AD0D /* WorldTrotterTests */ = {
			isa = PBXNativeTarget;
			buildConfigurationList = 93628D4A20B1FD5800E0AD0D /* Build configuration list for PBXNativeTarget "WorldTrotterTests" */;
			buildPhases = (
				93628D2F20B1FD5800E0AD0D /* Sources */,
				93628D3020B1FD5800E0AD0D /* Frameworks */,
				93628D3120B1FD5800E0AD0D /* Resources */,
			);
			buildRules = (
			);
			dependencies = (
				93628D3520B1FD5800E0AD0D /* PBXTargetDependency */,
			);
			name = WorldTrotterTests;
			productName = WorldTrotterTests;
			productReference = 93628D3320B1FD5800E0AD0D /* WorldTrotterTests.xctest */;
			productType = "com.apple.product-type.bundle.unit-test";
		};
		93628D3D20B1FD5800E0AD0D /* WorldTrotterUITests */ = {
			isa = PBXNativeTarget;
			buildConfigurationList = 93628D4D20B1FD5800E0AD0D /* Build configuration list for PBXNativeTarget "WorldTrotterUITests" */;
			buildPhases = (
				93628D3A20B1FD5800E0AD0D /* Sources */,
				93628D3B20B1FD5800E0AD0D /* Frameworks */,
				93628D3C20B1FD5800E0AD0D /* Resources */,
			);
			buildRules = (
			);
			dependencies = (
				93628D4020B1FD5800E0AD0D /* PBXTargetDependency */,
			);
			name = WorldTrotterUITests;
			productName = WorldTrotterUITests;
			productReference = 93628D3E20B1FD5800E0AD0D /* WorldTrotterUITests.xctest */;
			productType = "com.apple.product-type.bundle.ui-testing";
		};
/* End PBXNativeTarget section */

/* Begin PBXProject section */
		93628D1720B1FD5500E0AD0D /* Project object */ = {
			isa = PBXProject;
			attributes = {
				LastSwiftUpdateCheck = 0930;
				LastUpgradeCheck = 0930;
				ORGANIZATIONNAME = "Aaron Navarro";
				TargetAttributes = {
					93628D1E20B1FD5500E0AD0D = {
						CreatedOnToolsVersion = 9.3.1;
					};
					93628D3220B1FD5800E0AD0D = {
						CreatedOnToolsVersion = 9.3.1;
						TestTargetID = 93628D1E20B1FD5500E0AD0D;
					};
					93628D3D20B1FD5800E0AD0D = {
						CreatedOnToolsVersion = 9.3.1;
						TestTargetID = 93628D1E20B1FD5500E0AD0D;
					};
				};
			};
			buildConfigurationList = 93628D1A20B1FD5500E0AD0D /* Build configuration list for PBXProject "WorldTrotter" */;
			compatibilityVersion = "Xcode 9.3";
			developmentRegion = en;
			hasScannedForEncodings = 0;
			knownRegions = (
				en,
				Base,
			);
			mainGroup = 93628D1620B1FD5500E0AD0D;
			productRefGroup = 93628D2020B1FD5500E0AD0D /* Products */;
			projectDirPath = "";
			projectRoot = "";
			targets = (
				93628D1E20B1FD5500E0AD0D /* WorldTrotter */,
				93628D3220B1FD5800E0AD0D /* WorldTrotterTests */,
				93628D3D20B1FD5800E0AD0D /* WorldTrotterUITests */,
			);
		};
/* End PBXProject section */

/* Begin PBXResourcesBuildPhase section */
		93628D1D20B1FD5500E0AD0D /* Resources */ = {
			isa = PBXResourcesBuildPhase;
			buildActionMask = 2147483647;
			files = (
				93628D2D20B1FD5800E0AD0D /* LaunchScreen.storyboard in Resources */,
				93628D2A20B1FD5800E0AD0D /* Assets.xcassets in Resources */,
				93628D2820B1FD5500E0AD0D /* Main.storyboard in Resources */,
			);
			runOnlyForDeploymentPostprocessing = 0;
		};
		93628D3120B1FD5800E0AD0D /* Resources */ = {
			isa = PBXResourcesBuildPhase;
			buildActionMask = 2147483647;
			files = (
			);
			runOnlyForDeploymentPostprocessing = 0;
		};
		93628D3C20B1FD5800E0AD0D /* Resources */ = {
			isa = PBXResourcesBuildPhase;
			buildActionMask = 2147483647;
			files = (
			);
			runOnlyForDeploymentPostprocessing = 0;
		};
/* End PBXResourcesBuildPhase section */

/* Begin PBXSourcesBuildPhase section */
		93628D1B20B1FD5500E0AD0D /* Sources */ = {
			isa = PBXSourcesBuildPhase;
			buildActionMask = 2147483647;
			files = (
				93628D2520B1FD5500E0AD0D /* ViewController.swift in Sources */,
				93628D2320B1FD5500E0AD0D /* AppDelegate.swift in Sources */,
			);
			runOnlyForDeploymentPostprocessing = 0;
		};
		93628D2F20B1FD5800E0AD0D /* Sources */ = {
			isa = PBXSourcesBuildPhase;
			buildActionMask = 2147483647;
			files = (
				93628D3820B1FD5800E0AD0D /* WorldTrotterTests.swift in Sources */,
			);
			runOnlyForDeploymentPostprocessing = 0;
		};
		93628D3A20B1FD5800E0AD0D /* Sources */ = {
			isa = PBXSourcesBuildPhase;
			buildActionMask = 2147483647;
			files = (
				93628D4320B1FD5800E0AD0D /* WorldTrotterUITests.swift in Sources */,
			);
			runOnlyForDeploymentPostprocessing = 0;
		};
/* End PBXSourcesBuildPhase section */

/* Begin PBXTargetDependency section */
		93628D3520B1FD5800E0AD0D /* PBXTargetDependency */ = {
			isa = PBXTargetDependency;
			target = 93628D1E20B1FD5500E0AD0D /* WorldTrotter */;
			targetProxy = 93628D3420B1FD5800E0AD0D /* PBXContainerItemProxy */;
		};
		93628D4020B1FD5800E0AD0D /* PBXTargetDependency */ = {
			isa = PBXTargetDependency;
			target = 93628D1E20B1FD5500E0AD0D /* WorldTrotter */;
			targetProxy = 93628D3F20B1FD5800E0AD0D /* PBXContainerItemProxy */;
		};
/* End PBXTargetDependency section */

/* Begin PBXVariantGroup section */
		93628D2620B1FD5500E0AD0D /* Main.storyboard */ = {
			isa = PBXVariantGroup;
			children = (
				93628D2720B1FD5500E0AD0D /* Base */,
			);
			name = Main.storyboard;
			sourceTree = "<group>";
		};
		93628D2B20B1FD5800E0AD0D /* LaunchScreen.storyboard */ = {
			isa = PBXVariantGroup;
			children = (
				93628D2C20B1FD5800E0AD0D /* Base */,
			);
			name = LaunchScreen.storyboard;
			sourceTree = "<group>";
		};
/* End PBXVariantGroup section */

/* Begin XCBuildConfiguration section */
		93628D4520B1FD5800E0AD0D /* Debug */ = {
			isa = XCBuildConfiguration;
			buildSettings = {
				ALWAYS_SEARCH_USER_PATHS = NO;
				CLANG_ANALYZER_NONNULL = YES;
				CLANG_ANALYZER_NUMBER_OBJECT_CONVERSION = YES_AGGRESSIVE;
				CLANG_CXX_LANGUAGE_STANDARD = "gnu++14";
				CLANG_CXX_LIBRARY = "libc++";
				CLANG_ENABLE_MODULES = YES;
				CLANG_ENABLE_OBJC_ARC = YES;
				CLANG_ENABLE_OBJC_WEAK = YES;
				CLANG_WARN_BLOCK_CAPTURE_AUTORELEASING = YES;
				CLANG_WARN_BOOL_CONVERSION = YES;
				CLANG_WARN_COMMA = YES;
				CLANG_WARN_CONSTANT_CONVERSION = YES;
				CLANG_WARN_DEPRECATED_OBJC_IMPLEMENTATIONS = YES;
				CLANG_WARN_DIRECT_OBJC_ISA_USAGE = YES_ERROR;
				CLANG_WARN_DOCUMENTATION_COMMENTS = YES;
				CLANG_WARN_EMPTY_BODY = YES;
				CLANG_WARN_ENUM_CONVERSION = YES;
				CLANG_WARN_INFINITE_RECURSION = YES;
				CLANG_WARN_INT_CONVERSION = YES;
				CLANG_WARN_NON_LITERAL_NULL_CONVERSION = YES;
				CLANG_WARN_OBJC_IMPLICIT_RETAIN_SELF = YES;
				CLANG_WARN_OBJC_LITERAL_CONVERSION = YES;
				CLANG_WARN_OBJC_ROOT_CLASS = YES_ERROR;
				CLANG_WARN_RANGE_LOOP_ANALYSIS = YES;
				CLANG_WARN_STRICT_PROTOTYPES = YES;
				CLANG_WARN_SUSPICIOUS_MOVE = YES;
				CLANG_WARN_UNGUARDED_AVAILABILITY = YES_AGGRESSIVE;
				CLANG_WARN_UNREACHABLE_CODE = YES;
				CLANG_WARN__DUPLICATE_METHOD_MATCH = YES;
				CODE_SIGN_IDENTITY = "iPhone Developer";
				COPY_PHASE_STRIP = NO;
				DEBUG_INFORMATION_FORMAT = dwarf;
				ENABLE_STRICT_OBJC_MSGSEND = YES;
				ENABLE_TESTABILITY = YES;
				GCC_C_LANGUAGE_STANDARD = gnu11;
				GCC_DYNAMIC_NO_PIC = NO;
				GCC_NO_COMMON_BLOCKS = YES;
				GCC_OPTIMIZATION_LEVEL = 0;
				GCC_PREPROCESSOR_DEFINITIONS = (
					"DEBUG=1",
					"$(inherited)",
				);
				GCC_WARN_64_TO_32_BIT_CONVERSION = YES;
				GCC_WARN_ABOUT_RETURN_TYPE = YES_ERROR;
				GCC_WARN_UNDECLARED_SELECTOR = YES;
				GCC_WARN_UNINITIALIZED_AUTOS = YES_AGGRESSIVE;
				GCC_WARN_UNUSED_FUNCTION = YES;
				GCC_WARN_UNUSED_VARIABLE = YES;
				IPHONEOS_DEPLOYMENT_TARGET = 11.3;
				MTL_ENABLE_DEBUG_INFO = YES;
				ONLY_ACTIVE_ARCH = YES;
				SDKROOT = iphoneos;
				SWIFT_ACTIVE_COMPILATION_CONDITIONS = DEBUG;
				SWIFT_OPTIMIZATION_LEVEL = "-Onone";
			};
			name = Debug;
		};
		93628D4620B1FD5800E0AD0D /* Release */ = {
			isa = XCBuildConfiguration;
			buildSettings = {
				ALWAYS_SEARCH_USER_PATHS = NO;
				CLANG_ANALYZER_NONNULL = YES;
				CLANG_ANALYZER_NUMBER_OBJECT_CONVERSION = YES_AGGRESSIVE;
				CLANG_CXX_LANGUAGE_STANDARD = "gnu++14";
				CLANG_CXX_LIBRARY = "libc++";
				CLANG_ENABLE_MODULES = YES;
				CLANG_ENABLE_OBJC_ARC = YES;
				CLANG_ENABLE_OBJC_WEAK = YES;
				CLANG_WARN_BLOCK_CAPTURE_AUTORELEASING = YES;
				CLANG_WARN_BOOL_CONVERSION = YES;
				CLANG_WARN_COMMA = YES;
				CLANG_WARN_CONSTANT_CONVERSION = YES;
				CLANG_WARN_DEPRECATED_OBJC_IMPLEMENTATIONS = YES;
				CLANG_WARN_DIRECT_OBJC_ISA_USAGE = YES_ERROR;
				CLANG_WARN_DOCUMENTATION_COMMENTS = YES;
				CLANG_WARN_EMPTY_BODY = YES;
				CLANG_WARN_ENUM_CONVERSION = YES;
				CLANG_WARN_INFINITE_RECURSION = YES;
				CLANG_WARN_INT_CONVERSION = YES;
				CLANG_WARN_NON_LITERAL_NULL_CONVERSION = YES;
				CLANG_WARN_OBJC_IMPLICIT_RETAIN_SELF = YES;
				CLANG_WARN_OBJC_LITERAL_CONVERSION = YES;
				CLANG_WARN_OBJC_ROOT_CLASS = YES_ERROR;
				CLANG_WARN_RANGE_LOOP_ANALYSIS = YES;
				CLANG_WARN_STRICT_PROTOTYPES = YES;
				CLANG_WARN_SUSPICIOUS_MOVE = YES;
				CLANG_WARN_UNGUARDED_AVAILABILITY = YES_AGGRESSIVE;
				CLANG_WARN_UNREACHABLE_CODE = YES;
				CLANG_WARN__DUPLICATE_METHOD_MATCH = YES;
				CODE_SIGN_IDENTITY = "iPhone Developer";
				COPY_PHASE_STRIP = NO;
				DEBUG_INFORMATION_FORMAT = "dwarf-with-dsym";
				ENABLE_NS_ASSERTIONS = NO;
				ENABLE_STRICT_OBJC_MSGSEND = YES;
				GCC_C_LANGUAGE_STANDARD = gnu11;
				GCC_NO_COMMON_BLOCKS = YES;
				GCC_WARN_64_TO_32_BIT_CONVERSION = YES;
				GCC_WARN_ABOUT_RETURN_TYPE = YES_ERROR;
				GCC_WARN_UNDECLARED_SELECTOR = YES;
				GCC_WARN_UNINITIALIZED_AUTOS = YES_AGGRESSIVE;
				GCC_WARN_UNUSED_FUNCTION = YES;
				GCC_WARN_UNUSED_VARIABLE = YES;
				IPHONEOS_DEPLOYMENT_TARGET = 11.3;
				MTL_ENABLE_DEBUG_INFO = NO;
				SDKROOT = iphoneos;
				SWIFT_COMPILATION_MODE = wholemodule;
				SWIFT_OPTIMIZATION_LEVEL = "-O";
				VALIDATE_PRODUCT = YES;
			};
			name = Release;
		};
		93628D4820B1FD5800E0AD0D /* Debug */ = {
			isa = XCBuildConfiguration;
			buildSettings = {
				ASSETCATALOG_COMPILER_APPICON_NAME = AppIcon;
				CODE_SIGN_STYLE = Automatic;
				DEVELOPMENT_TEAM = TV8J7SX2MG;
				INFOPLIST_FILE = WorldTrotter/Info.plist;
				LD_RUNPATH_SEARCH_PATHS = (
					"$(inherited)",
					"@executable_path/Frameworks",
				);
				PRODUCT_BUNDLE_IDENTIFIER = com.AaronNavarro.WorldTrotter;
				PRODUCT_NAME = "$(TARGET_NAME)";
				SWIFT_VERSION = 4.0;
				TARGETED_DEVICE_FAMILY = "1,2";
			};
			name = Debug;
		};
		93628D4920B1FD5800E0AD0D /* Release */ = {
			isa = XCBuildConfiguration;
			buildSettings = {
				ASSETCATALOG_COMPILER_APPICON_NAME = AppIcon;
				CODE_SIGN_STYLE = Automatic;
				DEVELOPMENT_TEAM = TV8J7SX2MG;
				INFOPLIST_FILE = WorldTrotter/Info.plist;
				LD_RUNPATH_SEARCH_PATHS = (
					"$(inherited)",
					"@executable_path/Frameworks",
				);
				PRODUCT_BUNDLE_IDENTIFIER = com.AaronNavarro.WorldTrotter;
				PRODUCT_NAME = "$(TARGET_NAME)";
				SWIFT_VERSION = 4.0;
				TARGETED_DEVICE_FAMILY = "1,2";
			};
			name = Release;
		};
		93628D4B20B1FD5800E0AD0D /* Debug */ = {
			isa = XCBuildConfiguration;
			buildSettings = {
				ALWAYS_EMBED_SWIFT_STANDARD_LIBRARIES = YES;
				BUNDLE_LOADER = "$(TEST_HOST)";
				CODE_SIGN_STYLE = Automatic;
				DEVELOPMENT_TEAM = TV8J7SX2MG;
				INFOPLIST_FILE = WorldTrotterTests/Info.plist;
				LD_RUNPATH_SEARCH_PATHS = (
					"$(inherited)",
					"@executable_path/Frameworks",
					"@loader_path/Frameworks",
				);
				PRODUCT_BUNDLE_IDENTIFIER = com.AaronNavarro.WorldTrotterTests;
				PRODUCT_NAME = "$(TARGET_NAME)";
				SWIFT_VERSION = 4.0;
				TARGETED_DEVICE_FAMILY = "1,2";
				TEST_HOST = "$(BUILT_PRODUCTS_DIR)/WorldTrotter.app/WorldTrotter";
			};
			name = Debug;
		};
		93628D4C20B1FD5800E0AD0D /* Release */ = {
			isa = XCBuildConfiguration;
			buildSettings = {
				ALWAYS_EMBED_SWIFT_STANDARD_LIBRARIES = YES;
				BUNDLE_LOADER = "$(TEST_HOST)";
				CODE_SIGN_STYLE = Automatic;
				DEVELOPMENT_TEAM = TV8J7SX2MG;
				INFOPLIST_FILE = WorldTrotterTests/Info.plist;
				LD_RUNPATH_SEARCH_PATHS = (
					"$(inherited)",
					"@executable_path/Frameworks",
					"@loader_path/Frameworks",
				);
				PRODUCT_BUNDLE_IDENTIFIER = com.AaronNavarro.WorldTrotterTests;
				PRODUCT_NAME = "$(TARGET_NAME)";
				SWIFT_VERSION = 4.0;
				TARGETED_DEVICE_FAMILY = "1,2";
				TEST_HOST = "$(BUILT_PRODUCTS_DIR)/WorldTrotter.app/WorldTrotter";
			};
			name = Release;
		};
		93628D4E20B1FD5800E0AD0D /* Debug */ = {
			isa = XCBuildConfiguration;
			buildSettings = {
				ALWAYS_EMBED_SWIFT_STANDARD_LIBRARIES = YES;
				CODE_SIGN_STYLE = Automatic;
				DEVELOPMENT_TEAM = TV8J7SX2MG;
				INFOPLIST_FILE = WorldTrotterUITests/Info.plist;
				LD_RUNPATH_SEARCH_PATHS = (
					"$(inherited)",
					"@executable_path/Frameworks",
					"@loader_path/Frameworks",
				);
				PRODUCT_BUNDLE_IDENTIFIER = com.AaronNavarro.WorldTrotterUITests;
				PRODUCT_NAME = "$(TARGET_NAME)";
				SWIFT_VERSION = 4.0;
				TARGETED_DEVICE_FAMILY = "1,2";
				TEST_TARGET_NAME = WorldTrotter;
			};
			name = Debug;
		};
		93628D4F20B1FD5800E0AD0D /* Release */ = {
			isa = XCBuildConfiguration;
			buildSettings = {
				ALWAYS_EMBED_SWIFT_STANDARD_LIBRARIES = YES;
				CODE_SIGN_STYLE = Automatic;
				DEVELOPMENT_TEAM = TV8J7SX2MG;
				INFOPLIST_FILE = WorldTrotterUITests/Info.plist;
				LD_RUNPATH_SEARCH_PATHS = (
					"$(inherited)",
					"@executable_path/Frameworks",
					"@loader_path/Frameworks",
				);
				PRODUCT_BUNDLE_IDENTIFIER = com.AaronNavarro.WorldTrotterUITests;
				PRODUCT_NAME = "$(TARGET_NAME)";
				SWIFT_VERSION = 4.0;
				TARGETED_DEVICE_FAMILY = "1,2";
				TEST_TARGET_NAME = WorldTrotter;
			};
			name = Release;
		};
/* End XCBuildConfiguration section */

/* Begin XCConfigurationList section */
		93628D1A20B1FD5500E0AD0D /* Build configuration list for PBXProject "WorldTrotter" */ = {
			isa = XCConfigurationList;
			buildConfigurations = (
				93628D4520B1FD5800E0AD0D /* Debug */,
				93628D4620B1FD5800E0AD0D /* Release */,
			);
			defaultConfigurationIsVisible = 0;
			defaultConfigurationName = Release;
		};
		93628D4720B1FD5800E0AD0D /* Build configuration list for PBXNativeTarget "WorldTrotter" */ = {
			isa = XCConfigurationList;
			buildConfigurations = (
				93628D4820B1FD5800E0AD0D /* Debug */,
				93628D4920B1FD5800E0AD0D /* Release */,
			);
			defaultConfigurationIsVisible = 0;
			defaultConfigurationName = Release;
		};
		93628D4A20B1FD5800E0AD0D /* Build configuration list for PBXNativeTarget "WorldTrotterTests" */ = {
			isa = XCConfigurationList;
			buildConfigurations = (
				93628D4B20B1FD5800E0AD0D /* Debug */,
				93628D4C20B1FD5800E0AD0D /* Release */,
			);
			defaultConfigurationIsVisible = 0;
			defaultConfigurationName = Release;
		};
		93628D4D20B1FD5800E0AD0D /* Build configuration list for PBXNativeTarget "WorldTrotterUITests" */ = {
			isa = XCConfigurationList;
			buildConfigurations = (
				93628D4E20B1FD5800E0AD0D /* Debug */,
				93628D4F20B1FD5800E0AD0D /* Release */,
			);
			defaultConfigurationIsVisible = 0;
			defaultConfigurationName = Release;
		};
/* End XCConfigurationList section */
	};
	rootObject = 93628D1720B1FD5500E0AD0D /* Project object */;
}
